lockfileVersion: 5.4

specifiers:
  '@brlt/n': 0.1.1
  '@types/prettier': 2.6.1
  pnpm: 7.1.0
  prettier: 2.6.2

devDependencies:
  '@brlt/n': 0.1.1
  '@types/prettier': 2.6.1
  pnpm: 7.1.0
  prettier: 2.6.2

packages:

  /@brlt/n/0.1.1:
    resolution: {integrity: sha512-SV88ciHBw91yD+L5YB3Vto18bAAp842DsmlVTOIIhMg7t671Iqtl31P8l3A4C5w+vMzhl7n+a6MTbzwVPY6hzQ==}
    hasBin: true
    dev: true

  /@types/prettier/2.6.1:
    resolution: {integrity: sha512-XFjFHmaLVifrAKaZ+EKghFHtHSUonyw8P2Qmy2/+osBnrKbH9UYtlK10zg8/kCt47MFilll/DEDKy3DHfJ0URw==}
    dev: true

  /pnpm/7.1.0:
    resolution: {integrity: sha512-iT2Hk2jycfh8NXoEnwpg7oCNMwsMlheSR9QAgkhWtRHvjfAAtp0HsKEOA62ILoAwbvv/ea8Ph5lTQLsGQJRq+w==}
    engines: {node: '>=14.19'}
    hasBin: true
    dev: true

  /prettier/2.6.2:
    resolution: {integrity: sha512-PkUpF+qoXTqhOeWL9fu7As8LXsIUZ1WYaJiY/a7McAQzxjk82OF0tibkFXVCDImZtWxbvojFjerkiLb0/q8mew==}
    engines: {node: '>=10.13.0'}
    hasBin: true
    dev: true
